{
  "name": "star-watch",
  "version": "1.1.0",
  "lockfileVersion": 3,
  "requires": true,
  "packages": {
    "": {
      "name": "star-watch",
      "version": "1.1.0",
      "dependencies": {
        "geomagnetism": "^0.2.0"
      }
    },
    "node_modules/geomagnetism": {
      "version": "0.2.0",
      "resolved": "https://registry.npmjs.org/geomagnetism/-/geomagnetism-0.2.0.tgz",
      "integrity": "sha512-dO8HJrXqah244nMe+pU5m52L90SMoi4lDA0AV3xunRxogloYV+s3aYWCW72VMMfiYis+YSAlhoKktw8aLMiJbw=="
    }
  }
}
